
Microsoft Visual Studio Solution File, Format Version 12.00
# Visual Studio Version 17
VisualStudioVersion = 17.4.33213.308
MinimumVisualStudioVersion = 10.0.40219.1
Project("{FAE04EC0-301F-11D3-BF4B-00C04F79EFBC}") = "QL_BIA_NGK", "QL_BIA_NGK\QL_BIA_NGK.csproj", "{E96C56C6-6270-47F7-8645-C6F8B385A602}"
EndProject
Project("{FAE04EC0-301F-11D3-BF4B-00C04F79EFBC}") = "DataLayer", "DataLayer\DataLayer.csproj", "{1DA4C1DC-B3E0-4457-AA9C-4782851DC54C}"
EndProject
Project("{FAE04EC0-301F-11D3-BF4B-00C04F79EFBC}") = "BusinessLayer", "BusinessLayer\BusinessLayer.csproj", "{4EA05F98-9CFB-49F7-9E45-9E0FDA0AADF1}"
EndProject
Project("{54435603-DBB4-11D2-8724-00A0C9A8B90C}") = "Setup", "Setup\Setup.vdproj", "{C057DA4D-177B-4B7F-B631-72B448D7DC77}"
EndProject
Global
	GlobalSection(SolutionConfigurationPlatforms) = preSolution
		Debug|Any CPU = Debug|Any CPU
		Release|Any CPU = Release|Any CPU
	EndGlobalSection
	GlobalSection(ProjectConfigurationPlatforms) = postSolution
		{E96C56C6-6270-47F7-8645-C6F8B385A602}.Debug|Any CPU.ActiveCfg = Debug|Any CPU
		{E96C56C6-6270-47F7-8645-C6F8B385A602}.Debug|Any CPU.Build.0 = Debug|Any CPU
		{E96C56C6-6270-47F7-8645-C6F8B385A602}.Release|Any CPU.ActiveCfg = Release|Any CPU
		{E96C56C6-6270-47F7-8645-C6F8B385A602}.Release|Any CPU.Build.0 = Release|Any CPU
		{1DA4C1DC-B3E0-4457-AA9C-4782851DC54C}.Debug|Any CPU.ActiveCfg = Debug|Any CPU
		{1DA4C1DC-B3E0-4457-AA9C-4782851DC54C}.Debug|Any CPU.Build.0 = Debug|Any CPU
		{1DA4C1DC-B3E0-4457-AA9C-4782851DC54C}.Release|Any CPU.ActiveCfg = Release|Any CPU
		{1DA4C1DC-B3E0-4457-AA9C-4782851DC54C}.Release|Any CPU.Build.0 = Release|Any CPU
		{4EA05F98-9CFB-49F7-9E45-9E0FDA0AADF1}.Debug|Any CPU.ActiveCfg = Debug|Any CPU
		{4EA05F98-9CFB-49F7-9E45-9E0FDA0AADF1}.Debug|Any CPU.Build.0 = Debug|Any CPU
		{4EA05F98-9CFB-49F7-9E45-9E0FDA0AADF1}.Release|Any CPU.ActiveCfg = Release|Any CPU
		{4EA05F98-9CFB-49F7-9E45-9E0FDA0AADF1}.Release|Any CPU.Build.0 = Release|Any CPU
		{C057DA4D-177B-4B7F-B631-72B448D7DC77}.Debug|Any CPU.ActiveCfg = Debug
		{C057DA4D-177B-4B7F-B631-72B448D7DC77}.Release|Any CPU.ActiveCfg = Release
	EndGlobalSection
	GlobalSection(SolutionProperties) = preSolution
		HideSolutionNode = FALSE
	EndGlobalSection
	GlobalSection(ExtensibilityGlobals) = postSolution
		SolutionGuid = {E25BA7E4-8782-42E7-8F31-6FF8C48C0984}
	EndGlobalSection
EndGlobal
